
Microsoft Visual Studio Solution File, Format Version 12.00
# Visual Studio 2012
Project("{FAE04EC0-301F-11D3-BF4B-00C04F79EFBC}") = "MVCForum.Web", "MVCForum.Web\MVCForum.Web.csproj", "{C7D5924A-09D4-47DE-864D-B3FDE0A5D8BE}"
EndProject
Project("{FAE04EC0-301F-11D3-BF4B-00C04F79EFBC}") = "MVCForum.Web.Tests", "MVCForum.Web.Tests\MVCForum.Web.Tests.csproj", "{45D3169C-21D1-41D3-8CCA-007167500723}"
EndProject
Project("{2150E333-8FDC-42A3-9474-1A3956D46DE8}") = "External Libraries", "External Libraries", "{8E51435E-9EF8-40F1-8C2C-1EBE8634698F}"
	ProjectSection(SolutionItems) = preProject
		External Libraries\Kendo.Mvc.dll = External Libraries\Kendo.Mvc.dll
	EndProjectSection
EndProject
Global
	GlobalSection(SolutionConfigurationPlatforms) = preSolution
		Debug|Any CPU = Debug|Any CPU
		Release|Any CPU = Release|Any CPU
	EndGlobalSection
	GlobalSection(ProjectConfigurationPlatforms) = postSolution
		{C7D5924A-09D4-47DE-864D-B3FDE0A5D8BE}.Debug|Any CPU.ActiveCfg = Debug|Any CPU
		{C7D5924A-09D4-47DE-864D-B3FDE0A5D8BE}.Debug|Any CPU.Build.0 = Debug|Any CPU
		{C7D5924A-09D4-47DE-864D-B3FDE0A5D8BE}.Release|Any CPU.ActiveCfg = Release|Any CPU
		{C7D5924A-09D4-47DE-864D-B3FDE0A5D8BE}.Release|Any CPU.Build.0 = Release|Any CPU
		{45D3169C-21D1-41D3-8CCA-007167500723}.Debug|Any CPU.ActiveCfg = Debug|Any CPU
		{45D3169C-21D1-41D3-8CCA-007167500723}.Debug|Any CPU.Build.0 = Debug|Any CPU
		{45D3169C-21D1-41D3-8CCA-007167500723}.Release|Any CPU.ActiveCfg = Release|Any CPU
		{45D3169C-21D1-41D3-8CCA-007167500723}.Release|Any CPU.Build.0 = Release|Any CPU
	EndGlobalSection
	GlobalSection(SolutionProperties) = preSolution
		HideSolutionNode = FALSE
	EndGlobalSection
EndGlobal
